
Microsoft Visual Studio Solution File, Format Version 11.00
# Visual Studio 2010
Project("{2150E333-8FDC-42A3-9474-1A3956D46DE8}") = "Component", "Component", "{3548E96C-8EDF-457B-96D6-607E6E7AC3E2}"
EndProject
Project("{2150E333-8FDC-42A3-9474-1A3956D46DE8}") = "VDMS.I", "VDMS.I", "{9B1F309D-D249-4C00-A262-661E772FFE55}"
EndProject
Project("{E24C65DC-7377-472B-9ABA-BC803B73C61A}") = "VDMS.Website", "VDMS.Website\", "{53A0EBFC-91C6-4DE4-90A6-EBD95C763222}"
	ProjectSection(WebsiteProperties) = preProject
		SccProjectName = "Svn"
		SccAuxPath = "Svn"
		SccLocalPath = "Svn"
		SccProvider = "SubversionScc"
		TargetFrameworkMoniker = ".NETFramework,Version%3Dv3.5"
		ProjectReferences = "{1439911B-BE4E-48A0-9208-927321992C67}|CSSFriendly.dll;{00FB9A84-CAE1-4D57-87BB-7872C264F88A}|VDMS.II.Common.dll;{EDFFA06B-7697-4AD1-8FE5-2837DA262A28}|VDMS.Core.dll;{19E8E182-745A-411F-B5C8-86C85E46E0C1}|VDMS.Data.TipTop.dll;{7EF4EB21-EE83-4E58-B2A8-9C5D14576EC5}|VDMS.Data.IDAL.dll;{2CA41B4C-F7C3-4BE6-B9B2-7406B22367A0}|VDMS.Data.DAL2.dll;{0433DAD0-2796-4590-B0D2-08E428D8A04B}|VDMS.Data.DAL.dll;{11FC0813-8106-457E-9A6F-D14AE7143B4F}|VDMS.Common.dll;{4CB0690E-3E7A-497C-9116-D52024F63195}|Excel.dll;"
		Debug.AspNetCompiler.VirtualPath = "/VDMS.Website"
		Debug.AspNetCompiler.PhysicalPath = "VDMS.Website\"
		Debug.AspNetCompiler.TargetPath = "PrecompiledWeb\VDMS.Website\"
		Debug.AspNetCompiler.Updateable = "true"
		Debug.AspNetCompiler.ForceOverwrite = "true"
		Debug.AspNetCompiler.FixedNames = "false"
		Debug.AspNetCompiler.Debug = "True"
		Release.AspNetCompiler.VirtualPath = "/VDMS.Website"
		Release.AspNetCompiler.PhysicalPath = "VDMS.Website\"
		Release.AspNetCompiler.TargetPath = "PrecompiledWeb\VDMS.Website\"
		Release.AspNetCompiler.Updateable = "true"
		Release.AspNetCompiler.ForceOverwrite = "true"
		Release.AspNetCompiler.FixedNames = "false"
		Release.AspNetCompiler.Debug = "False"
		VWDPort = "9844"
		VWDDynamicPort = "false"
		VWDVirtualPath = "/"
		StartServerOnDebug = "true"
	EndProjectSection
EndProject
Project("{FAE04EC0-301F-11D3-BF4B-00C04F79EFBC}") = "CSSFriendly", "Component\CSSFriendly\CSSFriendly.csproj", "{1439911B-BE4E-48A0-9208-927321992C67}"
EndProject
Project("{E24C65DC-7377-472B-9ABA-BC803B73C61A}") = "VDMS.Setup", "VDMS.Setup\", "{A6E2A5AB-9E5B-4DE7-AC26-5C852A3D0F17}"
	ProjectSection(WebsiteProperties) = preProject
		SccProjectName = "Svn"
		SccAuxPath = "Svn"
		SccLocalPath = "Svn"
		SccProvider = "SubversionScc"
		TargetFrameworkMoniker = ".NETFramework,Version%3Dv3.5"
		ProjectReferences = "{00FB9A84-CAE1-4D57-87BB-7872C264F88A}|VDMS.II.Common.dll;{1439911B-BE4E-48A0-9208-927321992C67}|CSSFriendly.dll;{2CA41B4C-F7C3-4BE6-B9B2-7406B22367A0}|VDMS.Data.DAL2.dll;{EDFFA06B-7697-4AD1-8FE5-2837DA262A28}|VDMS.Core.dll;{7EF4EB21-EE83-4E58-B2A8-9C5D14576EC5}|VDMS.Data.IDAL.dll;"
		Debug.AspNetCompiler.VirtualPath = "/VDMS.Setup"
		Debug.AspNetCompiler.PhysicalPath = "VDMS.Setup\"
		Debug.AspNetCompiler.TargetPath = "PrecompiledWeb\VDMS.Setup\"
		Debug.AspNetCompiler.Updateable = "true"
		Debug.AspNetCompiler.ForceOverwrite = "true"
		Debug.AspNetCompiler.FixedNames = "false"
		Debug.AspNetCompiler.Debug = "True"
		Release.AspNetCompiler.VirtualPath = "/VDMS.Setup"
		Release.AspNetCompiler.PhysicalPath = "VDMS.Setup\"
		Release.AspNetCompiler.TargetPath = "PrecompiledWeb\VDMS.Setup\"
		Release.AspNetCompiler.Updateable = "true"
		Release.AspNetCompiler.ForceOverwrite = "true"
		Release.AspNetCompiler.FixedNames = "false"
		Release.AspNetCompiler.Debug = "False"
		VWDPort = "35926"
		VWDVirtualPath = "/"
		StartServerOnDebug = "false"
	EndProjectSection
EndProject
Project("{FAE04EC0-301F-11D3-BF4B-00C04F79EFBC}") = "VDMS.II.Common", "Common\VDMS.II.Common.csproj", "{00FB9A84-CAE1-4D57-87BB-7872C264F88A}"
EndProject
Project("{FAE04EC0-301F-11D3-BF4B-00C04F79EFBC}") = "VDMS.Data.TipTop", "VDMS.I\VDMS.Data.TipTop\VDMS.Data.TipTop.csproj", "{19E8E182-745A-411F-B5C8-86C85E46E0C1}"
EndProject
Project("{FAE04EC0-301F-11D3-BF4B-00C04F79EFBC}") = "VDMS.Data.IDAL", "VDMS.I\VDMS.Data.IDAL\VDMS.Data.IDAL.csproj", "{7EF4EB21-EE83-4E58-B2A8-9C5D14576EC5}"
EndProject
Project("{FAE04EC0-301F-11D3-BF4B-00C04F79EFBC}") = "VDMS.Data.DAL", "VDMS.I\VDMS.Data.DAL\VDMS.Data.DAL.csproj", "{0433DAD0-2796-4590-B0D2-08E428D8A04B}"
EndProject
Project("{FAE04EC0-301F-11D3-BF4B-00C04F79EFBC}") = "VDMS.Data.DAL2", "VDMS.I\VDMS.Data.DAL2\VDMS.Data.DAL2.csproj", "{2CA41B4C-F7C3-4BE6-B9B2-7406B22367A0}"
EndProject
Project("{FAE04EC0-301F-11D3-BF4B-00C04F79EFBC}") = "VDMS.Core", "VDMS.I\VDMS.Core\VDMS.Core.csproj", "{EDFFA06B-7697-4AD1-8FE5-2837DA262A28}"
EndProject
Project("{FAE04EC0-301F-11D3-BF4B-00C04F79EFBC}") = "VDMS.Common", "VDMS.I\VDMS.Common\VDMS.Common.csproj", "{11FC0813-8106-457E-9A6F-D14AE7143B4F}"
EndProject
Project("{FAE04EC0-301F-11D3-BF4B-00C04F79EFBC}") = "VDMS.SData", "VDMS.SData\VDMS.SData.csproj", "{4A279128-F764-4D4E-9D3F-8088AAA19F63}"
EndProject
Project("{FAE04EC0-301F-11D3-BF4B-00C04F79EFBC}") = "Excel", "Common\Excel\Excel.csproj", "{4CB0690E-3E7A-497C-9116-D52024F63195}"
EndProject
Global
	GlobalSection(SubversionScc) = preSolution
		Svn-Managed = True
		Manager = AnkhSVN - Subversion Support for Visual Studio
	EndGlobalSection
	GlobalSection(SolutionConfigurationPlatforms) = preSolution
		Debug|Any CPU = Debug|Any CPU
		Debug|Mixed Platforms = Debug|Mixed Platforms
		MSTEST_DEBUG|Any CPU = MSTEST_DEBUG|Any CPU
		MSTEST_DEBUG|Mixed Platforms = MSTEST_DEBUG|Mixed Platforms
		MSTEST_RELEASE|Any CPU = MSTEST_RELEASE|Any CPU
		MSTEST_RELEASE|Mixed Platforms = MSTEST_RELEASE|Mixed Platforms
		NUNIT_DEBUG|Any CPU = NUNIT_DEBUG|Any CPU
		NUNIT_DEBUG|Mixed Platforms = NUNIT_DEBUG|Mixed Platforms
		NUNIT_RELEASE|Any CPU = NUNIT_RELEASE|Any CPU
		NUNIT_RELEASE|Mixed Platforms = NUNIT_RELEASE|Mixed Platforms
		Release|Any CPU = Release|Any CPU
		Release|Mixed Platforms = Release|Mixed Platforms
	EndGlobalSection
	GlobalSection(ProjectConfigurationPlatforms) = postSolution
		{53A0EBFC-91C6-4DE4-90A6-EBD95C763222}.Debug|Any CPU.ActiveCfg = Debug|.NET
		{53A0EBFC-91C6-4DE4-90A6-EBD95C763222}.Debug|Mixed Platforms.ActiveCfg = Debug|.NET
		{53A0EBFC-91C6-4DE4-90A6-EBD95C763222}.Debug|Mixed Platforms.Build.0 = Debug|.NET
		{53A0EBFC-91C6-4DE4-90A6-EBD95C763222}.MSTEST_DEBUG|Any CPU.ActiveCfg = Debug|.NET
		{53A0EBFC-91C6-4DE4-90A6-EBD95C763222}.MSTEST_DEBUG|Mixed Platforms.ActiveCfg = Debug|.NET
		{53A0EBFC-91C6-4DE4-90A6-EBD95C763222}.MSTEST_DEBUG|Mixed Platforms.Build.0 = Debug|.NET
		{53A0EBFC-91C6-4DE4-90A6-EBD95C763222}.MSTEST_RELEASE|Any CPU.ActiveCfg = Debug|.NET
		{53A0EBFC-91C6-4DE4-90A6-EBD95C763222}.MSTEST_RELEASE|Mixed Platforms.ActiveCfg = Debug|.NET
		{53A0EBFC-91C6-4DE4-90A6-EBD95C763222}.MSTEST_RELEASE|Mixed Platforms.Build.0 = Debug|.NET
		{53A0EBFC-91C6-4DE4-90A6-EBD95C763222}.NUNIT_DEBUG|Any CPU.ActiveCfg = Debug|.NET
		{53A0EBFC-91C6-4DE4-90A6-EBD95C763222}.NUNIT_DEBUG|Mixed Platforms.ActiveCfg = Debug|.NET
		{53A0EBFC-91C6-4DE4-90A6-EBD95C763222}.NUNIT_DEBUG|Mixed Platforms.Build.0 = Debug|.NET
		{53A0EBFC-91C6-4DE4-90A6-EBD95C763222}.NUNIT_RELEASE|Any CPU.ActiveCfg = Debug|.NET
		{53A0EBFC-91C6-4DE4-90A6-EBD95C763222}.NUNIT_RELEASE|Mixed Platforms.ActiveCfg = Debug|.NET
		{53A0EBFC-91C6-4DE4-90A6-EBD95C763222}.NUNIT_RELEASE|Mixed Platforms.Build.0 = Debug|.NET
		{53A0EBFC-91C6-4DE4-90A6-EBD95C763222}.Release|Any CPU.ActiveCfg = Debug|.NET
		{53A0EBFC-91C6-4DE4-90A6-EBD95C763222}.Release|Mixed Platforms.ActiveCfg = Debug|.NET
		{53A0EBFC-91C6-4DE4-90A6-EBD95C763222}.Release|Mixed Platforms.Build.0 = Debug|.NET
		{1439911B-BE4E-48A0-9208-927321992C67}.Debug|Any CPU.ActiveCfg = Debug|Any CPU
		{1439911B-BE4E-48A0-9208-927321992C67}.Debug|Any CPU.Build.0 = Debug|Any CPU
		{1439911B-BE4E-48A0-9208-927321992C67}.Debug|Mixed Platforms.ActiveCfg = Debug|Any CPU
		{1439911B-BE4E-48A0-9208-927321992C67}.Debug|Mixed Platforms.Build.0 = Debug|Any CPU
		{1439911B-BE4E-48A0-9208-927321992C67}.MSTEST_DEBUG|Any CPU.ActiveCfg = Release|Any CPU
		{1439911B-BE4E-48A0-9208-927321992C67}.MSTEST_DEBUG|Any CPU.Build.0 = Release|Any CPU
		{1439911B-BE4E-48A0-9208-927321992C67}.MSTEST_DEBUG|Mixed Platforms.ActiveCfg = Release|Any CPU
		{1439911B-BE4E-48A0-9208-927321992C67}.MSTEST_DEBUG|Mixed Platforms.Build.0 = Release|Any CPU
		{1439911B-BE4E-48A0-9208-927321992C67}.MSTEST_RELEASE|Any CPU.ActiveCfg = Release|Any CPU
		{1439911B-BE4E-48A0-9208-927321992C67}.MSTEST_RELEASE|Any CPU.Build.0 = Release|Any CPU
		{1439911B-BE4E-48A0-9208-927321992C67}.MSTEST_RELEASE|Mixed Platforms.ActiveCfg = Release|Any CPU
		{1439911B-BE4E-48A0-9208-927321992C67}.MSTEST_RELEASE|Mixed Platforms.Build.0 = Release|Any CPU
		{1439911B-BE4E-48A0-9208-927321992C67}.NUNIT_DEBUG|Any CPU.ActiveCfg = Release|Any CPU
		{1439911B-BE4E-48A0-9208-927321992C67}.NUNIT_DEBUG|Any CPU.Build.0 = Release|Any CPU
		{1439911B-BE4E-48A0-9208-927321992C67}.NUNIT_DEBUG|Mixed Platforms.ActiveCfg = Release|Any CPU
		{1439911B-BE4E-48A0-9208-927321992C67}.NUNIT_DEBUG|Mixed Platforms.Build.0 = Release|Any CPU
		{1439911B-BE4E-48A0-9208-927321992C67}.NUNIT_RELEASE|Any CPU.ActiveCfg = Release|Any CPU
		{1439911B-BE4E-48A0-9208-927321992C67}.NUNIT_RELEASE|Any CPU.Build.0 = Release|Any CPU
		{1439911B-BE4E-48A0-9208-927321992C67}.NUNIT_RELEASE|Mixed Platforms.ActiveCfg = Release|Any CPU
		{1439911B-BE4E-48A0-9208-927321992C67}.NUNIT_RELEASE|Mixed Platforms.Build.0 = Release|Any CPU
		{1439911B-BE4E-48A0-9208-927321992C67}.Release|Any CPU.ActiveCfg = Release|Any CPU
		{1439911B-BE4E-48A0-9208-927321992C67}.Release|Any CPU.Build.0 = Release|Any CPU
		{1439911B-BE4E-48A0-9208-927321992C67}.Release|Mixed Platforms.ActiveCfg = Release|Any CPU
		{1439911B-BE4E-48A0-9208-927321992C67}.Release|Mixed Platforms.Build.0 = Release|Any CPU
		{A6E2A5AB-9E5B-4DE7-AC26-5C852A3D0F17}.Debug|Any CPU.ActiveCfg = Debug|.NET
		{A6E2A5AB-9E5B-4DE7-AC26-5C852A3D0F17}.Debug|Mixed Platforms.ActiveCfg = Debug|.NET
		{A6E2A5AB-9E5B-4DE7-AC26-5C852A3D0F17}.Debug|Mixed Platforms.Build.0 = Debug|.NET
		{A6E2A5AB-9E5B-4DE7-AC26-5C852A3D0F17}.MSTEST_DEBUG|Any CPU.ActiveCfg = Debug|.NET
		{A6E2A5AB-9E5B-4DE7-AC26-5C852A3D0F17}.MSTEST_DEBUG|Mixed Platforms.ActiveCfg = Debug|.NET
		{A6E2A5AB-9E5B-4DE7-AC26-5C852A3D0F17}.MSTEST_DEBUG|Mixed Platforms.Build.0 = Debug|.NET
		{A6E2A5AB-9E5B-4DE7-AC26-5C852A3D0F17}.MSTEST_RELEASE|Any CPU.ActiveCfg = Debug|.NET
		{A6E2A5AB-9E5B-4DE7-AC26-5C852A3D0F17}.MSTEST_RELEASE|Mixed Platforms.ActiveCfg = Debug|.NET
		{A6E2A5AB-9E5B-4DE7-AC26-5C852A3D0F17}.MSTEST_RELEASE|Mixed Platforms.Build.0 = Debug|.NET
		{A6E2A5AB-9E5B-4DE7-AC26-5C852A3D0F17}.NUNIT_DEBUG|Any CPU.ActiveCfg = Debug|.NET
		{A6E2A5AB-9E5B-4DE7-AC26-5C852A3D0F17}.NUNIT_DEBUG|Mixed Platforms.ActiveCfg = Debug|.NET
		{A6E2A5AB-9E5B-4DE7-AC26-5C852A3D0F17}.NUNIT_DEBUG|Mixed Platforms.Build.0 = Debug|.NET
		{A6E2A5AB-9E5B-4DE7-AC26-5C852A3D0F17}.NUNIT_RELEASE|Any CPU.ActiveCfg = Debug|.NET
		{A6E2A5AB-9E5B-4DE7-AC26-5C852A3D0F17}.NUNIT_RELEASE|Mixed Platforms.ActiveCfg = Debug|.NET
		{A6E2A5AB-9E5B-4DE7-AC26-5C852A3D0F17}.NUNIT_RELEASE|Mixed Platforms.Build.0 = Debug|.NET
		{A6E2A5AB-9E5B-4DE7-AC26-5C852A3D0F17}.Release|Any CPU.ActiveCfg = Debug|.NET
		{A6E2A5AB-9E5B-4DE7-AC26-5C852A3D0F17}.Release|Mixed Platforms.ActiveCfg = Debug|.NET
		{A6E2A5AB-9E5B-4DE7-AC26-5C852A3D0F17}.Release|Mixed Platforms.Build.0 = Debug|.NET
		{00FB9A84-CAE1-4D57-87BB-7872C264F88A}.Debug|Any CPU.ActiveCfg = Debug|Any CPU
		{00FB9A84-CAE1-4D57-87BB-7872C264F88A}.Debug|Any CPU.Build.0 = Debug|Any CPU
		{00FB9A84-CAE1-4D57-87BB-7872C264F88A}.Debug|Mixed Platforms.ActiveCfg = Debug|Any CPU
		{00FB9A84-CAE1-4D57-87BB-7872C264F88A}.Debug|Mixed Platforms.Build.0 = Debug|Any CPU
		{00FB9A84-CAE1-4D57-87BB-7872C264F88A}.MSTEST_DEBUG|Any CPU.ActiveCfg = Release|Any CPU
		{00FB9A84-CAE1-4D57-87BB-7872C264F88A}.MSTEST_DEBUG|Any CPU.Build.0 = Release|Any CPU
		{00FB9A84-CAE1-4D57-87BB-7872C264F88A}.MSTEST_DEBUG|Mixed Platforms.ActiveCfg = Release|Any CPU
		{00FB9A84-CAE1-4D57-87BB-7872C264F88A}.MSTEST_DEBUG|Mixed Platforms.Build.0 = Release|Any CPU
		{00FB9A84-CAE1-4D57-87BB-7872C264F88A}.MSTEST_RELEASE|Any CPU.ActiveCfg = Release|Any CPU
		{00FB9A84-CAE1-4D57-87BB-7872C264F88A}.MSTEST_RELEASE|Any CPU.Build.0 = Release|Any CPU
		{00FB9A84-CAE1-4D57-87BB-7872C264F88A}.MSTEST_RELEASE|Mixed Platforms.ActiveCfg = Release|Any CPU
		{00FB9A84-CAE1-4D57-87BB-7872C264F88A}.MSTEST_RELEASE|Mixed Platforms.Build.0 = Release|Any CPU
		{00FB9A84-CAE1-4D57-87BB-7872C264F88A}.NUNIT_DEBUG|Any CPU.ActiveCfg = Release|Any CPU
		{00FB9A84-CAE1-4D57-87BB-7872C264F88A}.NUNIT_DEBUG|Any CPU.Build.0 = Release|Any CPU
		{00FB9A84-CAE1-4D57-87BB-7872C264F88A}.NUNIT_DEBUG|Mixed Platforms.ActiveCfg = Release|Any CPU
		{00FB9A84-CAE1-4D57-87BB-7872C264F88A}.NUNIT_DEBUG|Mixed Platforms.Build.0 = Release|Any CPU
		{00FB9A84-CAE1-4D57-87BB-7872C264F88A}.NUNIT_RELEASE|Any CPU.ActiveCfg = Release|Any CPU
		{00FB9A84-CAE1-4D57-87BB-7872C264F88A}.NUNIT_RELEASE|Any CPU.Build.0 = Release|Any CPU
		{00FB9A84-CAE1-4D57-87BB-7872C264F88A}.NUNIT_RELEASE|Mixed Platforms.ActiveCfg = Release|Any CPU
		{00FB9A84-CAE1-4D57-87BB-7872C264F88A}.NUNIT_RELEASE|Mixed Platforms.Build.0 = Release|Any CPU
		{00FB9A84-CAE1-4D57-87BB-7872C264F88A}.Release|Any CPU.ActiveCfg = Release|Any CPU
		{00FB9A84-CAE1-4D57-87BB-7872C264F88A}.Release|Any CPU.Build.0 = Release|Any CPU
		{00FB9A84-CAE1-4D57-87BB-7872C264F88A}.Release|Mixed Platforms.ActiveCfg = Release|Any CPU
		{00FB9A84-CAE1-4D57-87BB-7872C264F88A}.Release|Mixed Platforms.Build.0 = Release|Any CPU
		{19E8E182-745A-411F-B5C8-86C85E46E0C1}.Debug|Any CPU.ActiveCfg = Debug|Any CPU
		{19E8E182-745A-411F-B5C8-86C85E46E0C1}.Debug|Any CPU.Build.0 = Debug|Any CPU
		{19E8E182-745A-411F-B5C8-86C85E46E0C1}.Debug|Mixed Platforms.ActiveCfg = Debug|Any CPU
		{19E8E182-745A-411F-B5C8-86C85E46E0C1}.Debug|Mixed Platforms.Build.0 = Debug|Any CPU
		{19E8E182-745A-411F-B5C8-86C85E46E0C1}.MSTEST_DEBUG|Any CPU.ActiveCfg = Release|Any CPU
		{19E8E182-745A-411F-B5C8-86C85E46E0C1}.MSTEST_DEBUG|Any CPU.Build.0 = Release|Any CPU
		{19E8E182-745A-411F-B5C8-86C85E46E0C1}.MSTEST_DEBUG|Mixed Platforms.ActiveCfg = Release|Any CPU
		{19E8E182-745A-411F-B5C8-86C85E46E0C1}.MSTEST_DEBUG|Mixed Platforms.Build.0 = Release|Any CPU
		{19E8E182-745A-411F-B5C8-86C85E46E0C1}.MSTEST_RELEASE|Any CPU.ActiveCfg = Release|Any CPU
		{19E8E182-745A-411F-B5C8-86C85E46E0C1}.MSTEST_RELEASE|Any CPU.Build.0 = Release|Any CPU
		{19E8E182-745A-411F-B5C8-86C85E46E0C1}.MSTEST_RELEASE|Mixed Platforms.ActiveCfg = Release|Any CPU
		{19E8E182-745A-411F-B5C8-86C85E46E0C1}.MSTEST_RELEASE|Mixed Platforms.Build.0 = Release|Any CPU
		{19E8E182-745A-411F-B5C8-86C85E46E0C1}.NUNIT_DEBUG|Any CPU.ActiveCfg = Release|Any CPU
		{19E8E182-745A-411F-B5C8-86C85E46E0C1}.NUNIT_DEBUG|Any CPU.Build.0 = Release|Any CPU
		{19E8E182-745A-411F-B5C8-86C85E46E0C1}.NUNIT_DEBUG|Mixed Platforms.ActiveCfg = Release|Any CPU
		{19E8E182-745A-411F-B5C8-86C85E46E0C1}.NUNIT_DEBUG|Mixed Platforms.Build.0 = Release|Any CPU
		{19E8E182-745A-411F-B5C8-86C85E46E0C1}.NUNIT_RELEASE|Any CPU.ActiveCfg = Release|Any CPU
		{19E8E182-745A-411F-B5C8-86C85E46E0C1}.NUNIT_RELEASE|Any CPU.Build.0 = Release|Any CPU
		{19E8E182-745A-411F-B5C8-86C85E46E0C1}.NUNIT_RELEASE|Mixed Platforms.ActiveCfg = Release|Any CPU
		{19E8E182-745A-411F-B5C8-86C85E46E0C1}.NUNIT_RELEASE|Mixed Platforms.Build.0 = Release|Any CPU
		{19E8E182-745A-411F-B5C8-86C85E46E0C1}.Release|Any CPU.ActiveCfg = Release|Any CPU
		{19E8E182-745A-411F-B5C8-86C85E46E0C1}.Release|Any CPU.Build.0 = Release|Any CPU
		{19E8E182-745A-411F-B5C8-86C85E46E0C1}.Release|Mixed Platforms.ActiveCfg = Release|Any CPU
		{19E8E182-745A-411F-B5C8-86C85E46E0C1}.Release|Mixed Platforms.Build.0 = Release|Any CPU
		{7EF4EB21-EE83-4E58-B2A8-9C5D14576EC5}.Debug|Any CPU.ActiveCfg = Debug|Any CPU
		{7EF4EB21-EE83-4E58-B2A8-9C5D14576EC5}.Debug|Any CPU.Build.0 = Debug|Any CPU
		{7EF4EB21-EE83-4E58-B2A8-9C5D14576EC5}.Debug|Mixed Platforms.ActiveCfg = Debug|Any CPU
		{7EF4EB21-EE83-4E58-B2A8-9C5D14576EC5}.Debug|Mixed Platforms.Build.0 = Debug|Any CPU
		{7EF4EB21-EE83-4E58-B2A8-9C5D14576EC5}.MSTEST_DEBUG|Any CPU.ActiveCfg = Release|Any CPU
		{7EF4EB21-EE83-4E58-B2A8-9C5D14576EC5}.MSTEST_DEBUG|Any CPU.Build.0 = Release|Any CPU
		{7EF4EB21-EE83-4E58-B2A8-9C5D14576EC5}.MSTEST_DEBUG|Mixed Platforms.ActiveCfg = Release|Any CPU
		{7EF4EB21-EE83-4E58-B2A8-9C5D14576EC5}.MSTEST_DEBUG|Mixed Platforms.Build.0 = Release|Any CPU
		{7EF4EB21-EE83-4E58-B2A8-9C5D14576EC5}.MSTEST_RELEASE|Any CPU.ActiveCfg = Release|Any CPU
		{7EF4EB21-EE83-4E58-B2A8-9C5D14576EC5}.MSTEST_RELEASE|Any CPU.Build.0 = Release|Any CPU
		{7EF4EB21-EE83-4E58-B2A8-9C5D14576EC5}.MSTEST_RELEASE|Mixed Platforms.ActiveCfg = Release|Any CPU
		{7EF4EB21-EE83-4E58-B2A8-9C5D14576EC5}.MSTEST_RELEASE|Mixed Platforms.Build.0 = Release|Any CPU
		{7EF4EB21-EE83-4E58-B2A8-9C5D14576EC5}.NUNIT_DEBUG|Any CPU.ActiveCfg = Release|Any CPU
		{7EF4EB21-EE83-4E58-B2A8-9C5D14576EC5}.NUNIT_DEBUG|Any CPU.Build.0 = Release|Any CPU
		{7EF4EB21-EE83-4E58-B2A8-9C5D14576EC5}.NUNIT_DEBUG|Mixed Platforms.ActiveCfg = Release|Any CPU
		{7EF4EB21-EE83-4E58-B2A8-9C5D14576EC5}.NUNIT_DEBUG|Mixed Platforms.Build.0 = Release|Any CPU
		{7EF4EB21-EE83-4E58-B2A8-9C5D14576EC5}.NUNIT_RELEASE|Any CPU.ActiveCfg = Release|Any CPU
		{7EF4EB21-EE83-4E58-B2A8-9C5D14576EC5}.NUNIT_RELEASE|Any CPU.Build.0 = Release|Any CPU
		{7EF4EB21-EE83-4E58-B2A8-9C5D14576EC5}.NUNIT_RELEASE|Mixed Platforms.ActiveCfg = Release|Any CPU
		{7EF4EB21-EE83-4E58-B2A8-9C5D14576EC5}.NUNIT_RELEASE|Mixed Platforms.Build.0 = Release|Any CPU
		{7EF4EB21-EE83-4E58-B2A8-9C5D14576EC5}.Release|Any CPU.ActiveCfg = Release|Any CPU
		{7EF4EB21-EE83-4E58-B2A8-9C5D14576EC5}.Release|Any CPU.Build.0 = Release|Any CPU
		{7EF4EB21-EE83-4E58-B2A8-9C5D14576EC5}.Release|Mixed Platforms.ActiveCfg = Release|Any CPU
		{7EF4EB21-EE83-4E58-B2A8-9C5D14576EC5}.Release|Mixed Platforms.Build.0 = Release|Any CPU
		{0433DAD0-2796-4590-B0D2-08E428D8A04B}.Debug|Any CPU.ActiveCfg = Debug|Any CPU
		{0433DAD0-2796-4590-B0D2-08E428D8A04B}.Debug|Any CPU.Build.0 = Debug|Any CPU
		{0433DAD0-2796-4590-B0D2-08E428D8A04B}.Debug|Mixed Platforms.ActiveCfg = Debug|Any CPU
		{0433DAD0-2796-4590-B0D2-08E428D8A04B}.Debug|Mixed Platforms.Build.0 = Debug|Any CPU
		{0433DAD0-2796-4590-B0D2-08E428D8A04B}.MSTEST_DEBUG|Any CPU.ActiveCfg = Release|Any CPU
		{0433DAD0-2796-4590-B0D2-08E428D8A04B}.MSTEST_DEBUG|Any CPU.Build.0 = Release|Any CPU
		{0433DAD0-2796-4590-B0D2-08E428D8A04B}.MSTEST_DEBUG|Mixed Platforms.ActiveCfg = Release|Any CPU
		{0433DAD0-2796-4590-B0D2-08E428D8A04B}.MSTEST_DEBUG|Mixed Platforms.Build.0 = Release|Any CPU
		{0433DAD0-2796-4590-B0D2-08E428D8A04B}.MSTEST_RELEASE|Any CPU.ActiveCfg = Release|Any CPU
		{0433DAD0-2796-4590-B0D2-08E428D8A04B}.MSTEST_RELEASE|Any CPU.Build.0 = Release|Any CPU
		{0433DAD0-2796-4590-B0D2-08E428D8A04B}.MSTEST_RELEASE|Mixed Platforms.ActiveCfg = Release|Any CPU
		{0433DAD0-2796-4590-B0D2-08E428D8A04B}.MSTEST_RELEASE|Mixed Platforms.Build.0 = Release|Any CPU
		{0433DAD0-2796-4590-B0D2-08E428D8A04B}.NUNIT_DEBUG|Any CPU.ActiveCfg = Release|Any CPU
		{0433DAD0-2796-4590-B0D2-08E428D8A04B}.NUNIT_DEBUG|Any CPU.Build.0 = Release|Any CPU
		{0433DAD0-2796-4590-B0D2-08E428D8A04B}.NUNIT_DEBUG|Mixed Platforms.ActiveCfg = Release|Any CPU
		{0433DAD0-2796-4590-B0D2-08E428D8A04B}.NUNIT_DEBUG|Mixed Platforms.Build.0 = Release|Any CPU
		{0433DAD0-2796-4590-B0D2-08E428D8A04B}.NUNIT_RELEASE|Any CPU.ActiveCfg = Release|Any CPU
		{0433DAD0-2796-4590-B0D2-08E428D8A04B}.NUNIT_RELEASE|Any CPU.Build.0 = Release|Any CPU
		{0433DAD0-2796-4590-B0D2-08E428D8A04B}.NUNIT_RELEASE|Mixed Platforms.ActiveCfg = Release|Any CPU
		{0433DAD0-2796-4590-B0D2-08E428D8A04B}.NUNIT_RELEASE|Mixed Platforms.Build.0 = Release|Any CPU
		{0433DAD0-2796-4590-B0D2-08E428D8A04B}.Release|Any CPU.ActiveCfg = Release|Any CPU
		{0433DAD0-2796-4590-B0D2-08E428D8A04B}.Release|Any CPU.Build.0 = Release|Any CPU
		{0433DAD0-2796-4590-B0D2-08E428D8A04B}.Release|Mixed Platforms.ActiveCfg = Release|Any CPU
		{0433DAD0-2796-4590-B0D2-08E428D8A04B}.Release|Mixed Platforms.Build.0 = Release|Any CPU
		{2CA41B4C-F7C3-4BE6-B9B2-7406B22367A0}.Debug|Any CPU.ActiveCfg = Debug|Any CPU
		{2CA41B4C-F7C3-4BE6-B9B2-7406B22367A0}.Debug|Any CPU.Build.0 = Debug|Any CPU
		{2CA41B4C-F7C3-4BE6-B9B2-7406B22367A0}.Debug|Mixed Platforms.ActiveCfg = Debug|Any CPU
		{2CA41B4C-F7C3-4BE6-B9B2-7406B22367A0}.Debug|Mixed Platforms.Build.0 = Debug|Any CPU
		{2CA41B4C-F7C3-4BE6-B9B2-7406B22367A0}.MSTEST_DEBUG|Any CPU.ActiveCfg = Release|Any CPU
		{2CA41B4C-F7C3-4BE6-B9B2-7406B22367A0}.MSTEST_DEBUG|Any CPU.Build.0 = Release|Any CPU
		{2CA41B4C-F7C3-4BE6-B9B2-7406B22367A0}.MSTEST_DEBUG|Mixed Platforms.ActiveCfg = Release|Any CPU
		{2CA41B4C-F7C3-4BE6-B9B2-7406B22367A0}.MSTEST_DEBUG|Mixed Platforms.Build.0 = Release|Any CPU
		{2CA41B4C-F7C3-4BE6-B9B2-7406B22367A0}.MSTEST_RELEASE|Any CPU.ActiveCfg = Release|Any CPU
		{2CA41B4C-F7C3-4BE6-B9B2-7406B22367A0}.MSTEST_RELEASE|Any CPU.Build.0 = Release|Any CPU
		{2CA41B4C-F7C3-4BE6-B9B2-7406B22367A0}.MSTEST_RELEASE|Mixed Platforms.ActiveCfg = Release|Any CPU
		{2CA41B4C-F7C3-4BE6-B9B2-7406B22367A0}.MSTEST_RELEASE|Mixed Platforms.Build.0 = Release|Any CPU
		{2CA41B4C-F7C3-4BE6-B9B2-7406B22367A0}.NUNIT_DEBUG|Any CPU.ActiveCfg = Release|Any CPU
		{2CA41B4C-F7C3-4BE6-B9B2-7406B22367A0}.NUNIT_DEBUG|Any CPU.Build.0 = Release|Any CPU
		{2CA41B4C-F7C3-4BE6-B9B2-7406B22367A0}.NUNIT_DEBUG|Mixed Platforms.ActiveCfg = Release|Any CPU
		{2CA41B4C-F7C3-4BE6-B9B2-7406B22367A0}.NUNIT_DEBUG|Mixed Platforms.Build.0 = Release|Any CPU
		{2CA41B4C-F7C3-4BE6-B9B2-7406B22367A0}.NUNIT_RELEASE|Any CPU.ActiveCfg = Release|Any CPU
		{2CA41B4C-F7C3-4BE6-B9B2-7406B22367A0}.NUNIT_RELEASE|Any CPU.Build.0 = Release|Any CPU
		{2CA41B4C-F7C3-4BE6-B9B2-7406B22367A0}.NUNIT_RELEASE|Mixed Platforms.ActiveCfg = Release|Any CPU
		{2CA41B4C-F7C3-4BE6-B9B2-7406B22367A0}.NUNIT_RELEASE|Mixed Platforms.Build.0 = Release|Any CPU
		{2CA41B4C-F7C3-4BE6-B9B2-7406B22367A0}.Release|Any CPU.ActiveCfg = Release|Any CPU
		{2CA41B4C-F7C3-4BE6-B9B2-7406B22367A0}.Release|Any CPU.Build.0 = Release|Any CPU
		{2CA41B4C-F7C3-4BE6-B9B2-7406B22367A0}.Release|Mixed Platforms.ActiveCfg = Release|Any CPU
		{2CA41B4C-F7C3-4BE6-B9B2-7406B22367A0}.Release|Mixed Platforms.Build.0 = Release|Any CPU
		{EDFFA06B-7697-4AD1-8FE5-2837DA262A28}.Debug|Any CPU.ActiveCfg = Debug|Any CPU
		{EDFFA06B-7697-4AD1-8FE5-2837DA262A28}.Debug|Any CPU.Build.0 = Debug|Any CPU
		{EDFFA06B-7697-4AD1-8FE5-2837DA262A28}.Debug|Mixed Platforms.ActiveCfg = Debug|Any CPU
		{EDFFA06B-7697-4AD1-8FE5-2837DA262A28}.Debug|Mixed Platforms.Build.0 = Debug|Any CPU
		{EDFFA06B-7697-4AD1-8FE5-2837DA262A28}.MSTEST_DEBUG|Any CPU.ActiveCfg = Release|Any CPU
		{EDFFA06B-7697-4AD1-8FE5-2837DA262A28}.MSTEST_DEBUG|Any CPU.Build.0 = Release|Any CPU
		{EDFFA06B-7697-4AD1-8FE5-2837DA262A28}.MSTEST_DEBUG|Mixed Platforms.ActiveCfg = Release|Any CPU
		{EDFFA06B-7697-4AD1-8FE5-2837DA262A28}.MSTEST_DEBUG|Mixed Platforms.Build.0 = Release|Any CPU
		{EDFFA06B-7697-4AD1-8FE5-2837DA262A28}.MSTEST_RELEASE|Any CPU.ActiveCfg = Release|Any CPU
		{EDFFA06B-7697-4AD1-8FE5-2837DA262A28}.MSTEST_RELEASE|Any CPU.Build.0 = Release|Any CPU
		{EDFFA06B-7697-4AD1-8FE5-2837DA262A28}.MSTEST_RELEASE|Mixed Platforms.ActiveCfg = Release|Any CPU
		{EDFFA06B-7697-4AD1-8FE5-2837DA262A28}.MSTEST_RELEASE|Mixed Platforms.Build.0 = Release|Any CPU
		{EDFFA06B-7697-4AD1-8FE5-2837DA262A28}.NUNIT_DEBUG|Any CPU.ActiveCfg = Release|Any CPU
		{EDFFA06B-7697-4AD1-8FE5-2837DA262A28}.NUNIT_DEBUG|Any CPU.Build.0 = Release|Any CPU
		{EDFFA06B-7697-4AD1-8FE5-2837DA262A28}.NUNIT_DEBUG|Mixed Platforms.ActiveCfg = Release|Any CPU
		{EDFFA06B-7697-4AD1-8FE5-2837DA262A28}.NUNIT_DEBUG|Mixed Platforms.Build.0 = Release|Any CPU
		{EDFFA06B-7697-4AD1-8FE5-2837DA262A28}.NUNIT_RELEASE|Any CPU.ActiveCfg = Release|Any CPU
		{EDFFA06B-7697-4AD1-8FE5-2837DA262A28}.NUNIT_RELEASE|Any CPU.Build.0 = Release|Any CPU
		{EDFFA06B-7697-4AD1-8FE5-2837DA262A28}.NUNIT_RELEASE|Mixed Platforms.ActiveCfg = Release|Any CPU
		{EDFFA06B-7697-4AD1-8FE5-2837DA262A28}.NUNIT_RELEASE|Mixed Platforms.Build.0 = Release|Any CPU
		{EDFFA06B-7697-4AD1-8FE5-2837DA262A28}.Release|Any CPU.ActiveCfg = Release|Any CPU
		{EDFFA06B-7697-4AD1-8FE5-2837DA262A28}.Release|Any CPU.Build.0 = Release|Any CPU
		{EDFFA06B-7697-4AD1-8FE5-2837DA262A28}.Release|Mixed Platforms.ActiveCfg = Release|Any CPU
		{EDFFA06B-7697-4AD1-8FE5-2837DA262A28}.Release|Mixed Platforms.Build.0 = Release|Any CPU
		{11FC0813-8106-457E-9A6F-D14AE7143B4F}.Debug|Any CPU.ActiveCfg = Debug|Any CPU
		{11FC0813-8106-457E-9A6F-D14AE7143B4F}.Debug|Any CPU.Build.0 = Debug|Any CPU
		{11FC0813-8106-457E-9A6F-D14AE7143B4F}.Debug|Mixed Platforms.ActiveCfg = Debug|Any CPU
		{11FC0813-8106-457E-9A6F-D14AE7143B4F}.Debug|Mixed Platforms.Build.0 = Debug|Any CPU
		{11FC0813-8106-457E-9A6F-D14AE7143B4F}.MSTEST_DEBUG|Any CPU.ActiveCfg = Release|Any CPU
		{11FC0813-8106-457E-9A6F-D14AE7143B4F}.MSTEST_DEBUG|Any CPU.Build.0 = Release|Any CPU
		{11FC0813-8106-457E-9A6F-D14AE7143B4F}.MSTEST_DEBUG|Mixed Platforms.ActiveCfg = Release|Any CPU
		{11FC0813-8106-457E-9A6F-D14AE7143B4F}.MSTEST_DEBUG|Mixed Platforms.Build.0 = Release|Any CPU
		{11FC0813-8106-457E-9A6F-D14AE7143B4F}.MSTEST_RELEASE|Any CPU.ActiveCfg = Release|Any CPU
		{11FC0813-8106-457E-9A6F-D14AE7143B4F}.MSTEST_RELEASE|Any CPU.Build.0 = Release|Any CPU
		{11FC0813-8106-457E-9A6F-D14AE7143B4F}.MSTEST_RELEASE|Mixed Platforms.ActiveCfg = Release|Any CPU
		{11FC0813-8106-457E-9A6F-D14AE7143B4F}.MSTEST_RELEASE|Mixed Platforms.Build.0 = Release|Any CPU
		{11FC0813-8106-457E-9A6F-D14AE7143B4F}.NUNIT_DEBUG|Any CPU.ActiveCfg = Release|Any CPU
		{11FC0813-8106-457E-9A6F-D14AE7143B4F}.NUNIT_DEBUG|Any CPU.Build.0 = Release|Any CPU
		{11FC0813-8106-457E-9A6F-D14AE7143B4F}.NUNIT_DEBUG|Mixed Platforms.ActiveCfg = Release|Any CPU
		{11FC0813-8106-457E-9A6F-D14AE7143B4F}.NUNIT_DEBUG|Mixed Platforms.Build.0 = Release|Any CPU
		{11FC0813-8106-457E-9A6F-D14AE7143B4F}.NUNIT_RELEASE|Any CPU.ActiveCfg = Release|Any CPU
		{11FC0813-8106-457E-9A6F-D14AE7143B4F}.NUNIT_RELEASE|Any CPU.Build.0 = Release|Any CPU
		{11FC0813-8106-457E-9A6F-D14AE7143B4F}.NUNIT_RELEASE|Mixed Platforms.ActiveCfg = Release|Any CPU
		{11FC0813-8106-457E-9A6F-D14AE7143B4F}.NUNIT_RELEASE|Mixed Platforms.Build.0 = Release|Any CPU
		{11FC0813-8106-457E-9A6F-D14AE7143B4F}.Release|Any CPU.ActiveCfg = Release|Any CPU
		{11FC0813-8106-457E-9A6F-D14AE7143B4F}.Release|Any CPU.Build.0 = Release|Any CPU
		{11FC0813-8106-457E-9A6F-D14AE7143B4F}.Release|Mixed Platforms.ActiveCfg = Release|Any CPU
		{11FC0813-8106-457E-9A6F-D14AE7143B4F}.Release|Mixed Platforms.Build.0 = Release|Any CPU
		{4A279128-F764-4D4E-9D3F-8088AAA19F63}.Debug|Any CPU.ActiveCfg = Debug|Any CPU
		{4A279128-F764-4D4E-9D3F-8088AAA19F63}.Debug|Any CPU.Build.0 = Debug|Any CPU
		{4A279128-F764-4D4E-9D3F-8088AAA19F63}.Debug|Mixed Platforms.ActiveCfg = Debug|Any CPU
		{4A279128-F764-4D4E-9D3F-8088AAA19F63}.Debug|Mixed Platforms.Build.0 = Debug|Any CPU
		{4A279128-F764-4D4E-9D3F-8088AAA19F63}.MSTEST_DEBUG|Any CPU.ActiveCfg = Release|Any CPU
		{4A279128-F764-4D4E-9D3F-8088AAA19F63}.MSTEST_DEBUG|Any CPU.Build.0 = Release|Any CPU
		{4A279128-F764-4D4E-9D3F-8088AAA19F63}.MSTEST_DEBUG|Mixed Platforms.ActiveCfg = Release|Any CPU
		{4A279128-F764-4D4E-9D3F-8088AAA19F63}.MSTEST_DEBUG|Mixed Platforms.Build.0 = Release|Any CPU
		{4A279128-F764-4D4E-9D3F-8088AAA19F63}.MSTEST_RELEASE|Any CPU.ActiveCfg = Release|Any CPU
		{4A279128-F764-4D4E-9D3F-8088AAA19F63}.MSTEST_RELEASE|Any CPU.Build.0 = Release|Any CPU
		{4A279128-F764-4D4E-9D3F-8088AAA19F63}.MSTEST_RELEASE|Mixed Platforms.ActiveCfg = Release|Any CPU
		{4A279128-F764-4D4E-9D3F-8088AAA19F63}.MSTEST_RELEASE|Mixed Platforms.Build.0 = Release|Any CPU
		{4A279128-F764-4D4E-9D3F-8088AAA19F63}.NUNIT_DEBUG|Any CPU.ActiveCfg = Release|Any CPU
		{4A279128-F764-4D4E-9D3F-8088AAA19F63}.NUNIT_DEBUG|Any CPU.Build.0 = Release|Any CPU
		{4A279128-F764-4D4E-9D3F-8088AAA19F63}.NUNIT_DEBUG|Mixed Platforms.ActiveCfg = Release|Any CPU
		{4A279128-F764-4D4E-9D3F-8088AAA19F63}.NUNIT_DEBUG|Mixed Platforms.Build.0 = Release|Any CPU
		{4A279128-F764-4D4E-9D3F-8088AAA19F63}.NUNIT_RELEASE|Any CPU.ActiveCfg = Release|Any CPU
		{4A279128-F764-4D4E-9D3F-8088AAA19F63}.NUNIT_RELEASE|Any CPU.Build.0 = Release|Any CPU
		{4A279128-F764-4D4E-9D3F-8088AAA19F63}.NUNIT_RELEASE|Mixed Platforms.ActiveCfg = Release|Any CPU
		{4A279128-F764-4D4E-9D3F-8088AAA19F63}.NUNIT_RELEASE|Mixed Platforms.Build.0 = Release|Any CPU
		{4A279128-F764-4D4E-9D3F-8088AAA19F63}.Release|Any CPU.ActiveCfg = Release|Any CPU
		{4A279128-F764-4D4E-9D3F-8088AAA19F63}.Release|Any CPU.Build.0 = Release|Any CPU
		{4A279128-F764-4D4E-9D3F-8088AAA19F63}.Release|Mixed Platforms.ActiveCfg = Release|Any CPU
		{4A279128-F764-4D4E-9D3F-8088AAA19F63}.Release|Mixed Platforms.Build.0 = Release|Any CPU
		{4CB0690E-3E7A-497C-9116-D52024F63195}.Debug|Any CPU.ActiveCfg = Debug|Any CPU
		{4CB0690E-3E7A-497C-9116-D52024F63195}.Debug|Any CPU.Build.0 = Debug|Any CPU
		{4CB0690E-3E7A-497C-9116-D52024F63195}.Debug|Mixed Platforms.ActiveCfg = Debug|Any CPU
		{4CB0690E-3E7A-497C-9116-D52024F63195}.Debug|Mixed Platforms.Build.0 = Debug|Any CPU
		{4CB0690E-3E7A-497C-9116-D52024F63195}.MSTEST_DEBUG|Any CPU.ActiveCfg = MSTEST_DEBUG|Any CPU
		{4CB0690E-3E7A-497C-9116-D52024F63195}.MSTEST_DEBUG|Any CPU.Build.0 = MSTEST_DEBUG|Any CPU
		{4CB0690E-3E7A-497C-9116-D52024F63195}.MSTEST_DEBUG|Mixed Platforms.ActiveCfg = MSTEST_DEBUG|Any CPU
		{4CB0690E-3E7A-497C-9116-D52024F63195}.MSTEST_DEBUG|Mixed Platforms.Build.0 = MSTEST_DEBUG|Any CPU
		{4CB0690E-3E7A-497C-9116-D52024F63195}.MSTEST_RELEASE|Any CPU.ActiveCfg = MSTEST_RELEASE|Any CPU
		{4CB0690E-3E7A-497C-9116-D52024F63195}.MSTEST_RELEASE|Any CPU.Build.0 = MSTEST_RELEASE|Any CPU
		{4CB0690E-3E7A-497C-9116-D52024F63195}.MSTEST_RELEASE|Mixed Platforms.ActiveCfg = MSTEST_RELEASE|Any CPU
		{4CB0690E-3E7A-497C-9116-D52024F63195}.MSTEST_RELEASE|Mixed Platforms.Build.0 = MSTEST_RELEASE|Any CPU
		{4CB0690E-3E7A-497C-9116-D52024F63195}.NUNIT_DEBUG|Any CPU.ActiveCfg = NUNIT_DEBUG|Any CPU
		{4CB0690E-3E7A-497C-9116-D52024F63195}.NUNIT_DEBUG|Any CPU.Build.0 = NUNIT_DEBUG|Any CPU
		{4CB0690E-3E7A-497C-9116-D52024F63195}.NUNIT_DEBUG|Mixed Platforms.ActiveCfg = NUNIT_DEBUG|Any CPU
		{4CB0690E-3E7A-497C-9116-D52024F63195}.NUNIT_DEBUG|Mixed Platforms.Build.0 = NUNIT_DEBUG|Any CPU
		{4CB0690E-3E7A-497C-9116-D52024F63195}.NUNIT_RELEASE|Any CPU.ActiveCfg = NUNIT_RELEASE|Any CPU
		{4CB0690E-3E7A-497C-9116-D52024F63195}.NUNIT_RELEASE|Any CPU.Build.0 = NUNIT_RELEASE|Any CPU
		{4CB0690E-3E7A-497C-9116-D52024F63195}.NUNIT_RELEASE|Mixed Platforms.ActiveCfg = NUNIT_RELEASE|Any CPU
		{4CB0690E-3E7A-497C-9116-D52024F63195}.NUNIT_RELEASE|Mixed Platforms.Build.0 = NUNIT_RELEASE|Any CPU
		{4CB0690E-3E7A-497C-9116-D52024F63195}.Release|Any CPU.ActiveCfg = Release|Any CPU
		{4CB0690E-3E7A-497C-9116-D52024F63195}.Release|Any CPU.Build.0 = Release|Any CPU
		{4CB0690E-3E7A-497C-9116-D52024F63195}.Release|Mixed Platforms.ActiveCfg = Release|Any CPU
		{4CB0690E-3E7A-497C-9116-D52024F63195}.Release|Mixed Platforms.Build.0 = Release|Any CPU
	EndGlobalSection
	GlobalSection(SolutionProperties) = preSolution
		HideSolutionNode = FALSE
	EndGlobalSection
	GlobalSection(NestedProjects) = preSolution
		{1439911B-BE4E-48A0-9208-927321992C67} = {3548E96C-8EDF-457B-96D6-607E6E7AC3E2}
		{00FB9A84-CAE1-4D57-87BB-7872C264F88A} = {3548E96C-8EDF-457B-96D6-607E6E7AC3E2}
		{4A279128-F764-4D4E-9D3F-8088AAA19F63} = {3548E96C-8EDF-457B-96D6-607E6E7AC3E2}
		{4CB0690E-3E7A-497C-9116-D52024F63195} = {3548E96C-8EDF-457B-96D6-607E6E7AC3E2}
		{19E8E182-745A-411F-B5C8-86C85E46E0C1} = {9B1F309D-D249-4C00-A262-661E772FFE55}
		{7EF4EB21-EE83-4E58-B2A8-9C5D14576EC5} = {9B1F309D-D249-4C00-A262-661E772FFE55}
		{0433DAD0-2796-4590-B0D2-08E428D8A04B} = {9B1F309D-D249-4C00-A262-661E772FFE55}
		{2CA41B4C-F7C3-4BE6-B9B2-7406B22367A0} = {9B1F309D-D249-4C00-A262-661E772FFE55}
		{EDFFA06B-7697-4AD1-8FE5-2837DA262A28} = {9B1F309D-D249-4C00-A262-661E772FFE55}
		{11FC0813-8106-457E-9A6F-D14AE7143B4F} = {9B1F309D-D249-4C00-A262-661E772FFE55}
	EndGlobalSection
	GlobalSection(ExtensibilityGlobals) = postSolution
		VisualSVNWorkingCopyRoot = .
	EndGlobalSection
EndGlobal
